
Microsoft Visual Studio Solution File, Format Version 12.00
# Visual Studio 15
VisualStudioVersion = 15.0.27703.2026
MinimumVisualStudioVersion = 10.0.40219.1
Project("{FAE04EC0-301F-11D3-BF4B-00C04F79EFBC}") = "Lab12", "Lab12.csproj", "{74928DBF-A32A-4F58-A8E9-917B405B7A9C}"
EndProject
Project("{FAE04EC0-301F-11D3-BF4B-00C04F79EFBC}") = "Lab12.Library", "..\Lab12.Library\Lab12.Library.csproj", "{A2CD5BFF-D592-448E-A8BE-04A1D8DFFD6E}"
EndProject
Global
	GlobalSection(SolutionConfigurationPlatforms) = preSolution
		Debug|Any CPU = Debug|Any CPU
		Release|Any CPU = Release|Any CPU
	EndGlobalSection
	GlobalSection(ProjectConfigurationPlatforms) = postSolution
		{74928DBF-A32A-4F58-A8E9-917B405B7A9C}.Debug|Any CPU.ActiveCfg = Debug|Any CPU
		{74928DBF-A32A-4F58-A8E9-917B405B7A9C}.Debug|Any CPU.Build.0 = Debug|Any CPU
		{74928DBF-A32A-4F58-A8E9-917B405B7A9C}.Release|Any CPU.ActiveCfg = Release|Any CPU
		{74928DBF-A32A-4F58-A8E9-917B405B7A9C}.Release|Any CPU.Build.0 = Release|Any CPU
		{A2CD5BFF-D592-448E-A8BE-04A1D8DFFD6E}.Debug|Any CPU.ActiveCfg = Debug|Any CPU
		{A2CD5BFF-D592-448E-A8BE-04A1D8DFFD6E}.Debug|Any CPU.Build.0 = Debug|Any CPU
		{A2CD5BFF-D592-448E-A8BE-04A1D8DFFD6E}.Release|Any CPU.ActiveCfg = Release|Any CPU
		{A2CD5BFF-D592-448E-A8BE-04A1D8DFFD6E}.Release|Any CPU.Build.0 = Release|Any CPU
	EndGlobalSection
	GlobalSection(SolutionProperties) = preSolution
		HideSolutionNode = FALSE
	EndGlobalSection
	GlobalSection(ExtensibilityGlobals) = postSolution
		SolutionGuid = {AE2019C1-2831-42D7-A16C-921CE5A7F17F}
	EndGlobalSection
EndGlobal
